
Microsoft Visual Studio Solution File, Format Version 12.00
# Visual Studio Version 17
VisualStudioVersion = 17.8.34525.116
MinimumVisualStudioVersion = 10.0.40219.1
Project("{FAE04EC0-301F-11D3-BF4B-00C04F79EFBC}") = "HRMSDevelopment", "HRMSDevelopment\HRMSDevelopment.csproj", "{A8B64422-D0B7-42BD-BE1F-AD4ED5EA70CF}"
EndProject
Project("{FAE04EC0-301F-11D3-BF4B-00C04F79EFBC}") = "HRMSDevelopment.Model", "HRMSDevelopment.Model\HRMSDevelopment.Model.csproj", "{E38069AD-F5BE-4298-ABC5-6C853C916AAD}"
EndProject
Project("{FAE04EC0-301F-11D3-BF4B-00C04F79EFBC}") = "HRMSDevelopment.Repository", "HRMSDevelopment.Repository\HRMSDevelopment.Repository.csproj", "{A58EF7C2-1958-48C8-BE1F-2F0638BA2CEF}"
EndProject
Project("{FAE04EC0-301F-11D3-BF4B-00C04F79EFBC}") = "HRMSDevelopment.Services", "HRMSDevelopment.Services\HRMSDevelopment.Services.csproj", "{1BC91230-3CF7-4F4C-AB1F-1516A2EA30F6}"
EndProject
Project("{FAE04EC0-301F-11D3-BF4B-00C04F79EFBC}") = "HRMSDevelopment.Common", "HRMSDevelopment.Common\HRMSDevelopment.Common.csproj", "{7E36DA6F-3CDF-47A0-ACCF-4026EF279D7B}"
EndProject
Global
	GlobalSection(SolutionConfigurationPlatforms) = preSolution
		Debug|Any CPU = Debug|Any CPU
		Release|Any CPU = Release|Any CPU
	EndGlobalSection
	GlobalSection(ProjectConfigurationPlatforms) = postSolution
		{A8B64422-D0B7-42BD-BE1F-AD4ED5EA70CF}.Debug|Any CPU.ActiveCfg = Debug|Any CPU
		{A8B64422-D0B7-42BD-BE1F-AD4ED5EA70CF}.Debug|Any CPU.Build.0 = Debug|Any CPU
		{A8B64422-D0B7-42BD-BE1F-AD4ED5EA70CF}.Release|Any CPU.ActiveCfg = Release|Any CPU
		{A8B64422-D0B7-42BD-BE1F-AD4ED5EA70CF}.Release|Any CPU.Build.0 = Release|Any CPU
		{E38069AD-F5BE-4298-ABC5-6C853C916AAD}.Debug|Any CPU.ActiveCfg = Debug|Any CPU
		{E38069AD-F5BE-4298-ABC5-6C853C916AAD}.Debug|Any CPU.Build.0 = Debug|Any CPU
		{E38069AD-F5BE-4298-ABC5-6C853C916AAD}.Release|Any CPU.ActiveCfg = Release|Any CPU
		{E38069AD-F5BE-4298-ABC5-6C853C916AAD}.Release|Any CPU.Build.0 = Release|Any CPU
		{A58EF7C2-1958-48C8-BE1F-2F0638BA2CEF}.Debug|Any CPU.ActiveCfg = Debug|Any CPU
		{A58EF7C2-1958-48C8-BE1F-2F0638BA2CEF}.Debug|Any CPU.Build.0 = Debug|Any CPU
		{A58EF7C2-1958-48C8-BE1F-2F0638BA2CEF}.Release|Any CPU.ActiveCfg = Release|Any CPU
		{A58EF7C2-1958-48C8-BE1F-2F0638BA2CEF}.Release|Any CPU.Build.0 = Release|Any CPU
		{1BC91230-3CF7-4F4C-AB1F-1516A2EA30F6}.Debug|Any CPU.ActiveCfg = Debug|Any CPU
		{1BC91230-3CF7-4F4C-AB1F-1516A2EA30F6}.Debug|Any CPU.Build.0 = Debug|Any CPU
		{1BC91230-3CF7-4F4C-AB1F-1516A2EA30F6}.Release|Any CPU.ActiveCfg = Release|Any CPU
		{1BC91230-3CF7-4F4C-AB1F-1516A2EA30F6}.Release|Any CPU.Build.0 = Release|Any CPU
		{7E36DA6F-3CDF-47A0-ACCF-4026EF279D7B}.Debug|Any CPU.ActiveCfg = Debug|Any CPU
		{7E36DA6F-3CDF-47A0-ACCF-4026EF279D7B}.Debug|Any CPU.Build.0 = Debug|Any CPU
		{7E36DA6F-3CDF-47A0-ACCF-4026EF279D7B}.Release|Any CPU.ActiveCfg = Release|Any CPU
		{7E36DA6F-3CDF-47A0-ACCF-4026EF279D7B}.Release|Any CPU.Build.0 = Release|Any CPU
	EndGlobalSection
	GlobalSection(SolutionProperties) = preSolution
		HideSolutionNode = FALSE
	EndGlobalSection
	GlobalSection(ExtensibilityGlobals) = postSolution
		SolutionGuid = {AD759094-AAD3-444B-9C76-7B49998385D4}
	EndGlobalSection
EndGlobal
